{
    "version": 3,
    "terraform_version": "0.11.7",
    "serial": 6,
    "lineage": "a4b7e04e-c2cc-9339-fbeb-403b8dbd4df2",
    "modules": [
        {
            "path": [
                "root"
            ],
            "outputs": {},
            "resources": {},
            "depends_on": []
        },
        {
            "path": [
                "root",
                "dev-tfstate"
            ],
            "outputs": {},
            "resources": {
                "aws_dynamodb_table.terraform": {
                    "type": "aws_dynamodb_table",
                    "depends_on": [],
                    "primary": {
                        "id": "tinyrobot_science_terraform_dev",
                        "attributes": {
                            "arn": "arn:aws:dynamodb:us-east-1:915324262361:table/tinyrobot_science_terraform_dev",
                            "attribute.#": "1",
                            "attribute.2068930648.name": "LockID",
                            "attribute.2068930648.type": "S",
                            "global_secondary_index.#": "0",
                            "hash_key": "LockID",
                            "id": "tinyrobot_science_terraform_dev",
                            "local_secondary_index.#": "0",
                            "name": "tinyrobot_science_terraform_dev",
                            "point_in_time_recovery.#": "1",
                            "point_in_time_recovery.0.enabled": "false",
                            "read_capacity": "5",
                            "server_side_encryption.#": "0",
                            "stream_arn": "",
                            "stream_enabled": "false",
                            "stream_label": "",
                            "stream_view_type": "",
                            "tags.%": "0",
                            "ttl.#": "0",
                            "write_capacity": "5"
                        },
                        "meta": {
                            "e2bfb730-ecaa-11e6-8f88-34363bc7c4c0": {
                                "create": 600000000000,
                                "delete": 600000000000,
                                "update": 600000000000
                            },
                            "schema_version": "1"
                        },
                        "tainted": false
                    },
                    "deposed": [],
                    "provider": "provider.aws"
                }
            },
            "depends_on": []
        }
    ]
}
